
Microsoft Visual Studio Solution File, Format Version 12.00
# Visual Studio Version 17
VisualStudioVersion = 17.2.32616.157
MinimumVisualStudioVersion = 10.0.40219.1
Project("{FAE04EC0-301F-11D3-BF4B-00C04F79EFBC}") = "CopiarFTP", "CopiarFTP\CopiarFTP.csproj", "{275CF463-22F0-4523-B036-6F6AED8280FF}"
EndProject
Global
	GlobalSection(SolutionConfigurationPlatforms) = preSolution
		Debug|Any CPU = Debug|Any CPU
		Release|Any CPU = Release|Any CPU
	EndGlobalSection
	GlobalSection(ProjectConfigurationPlatforms) = postSolution
		{275CF463-22F0-4523-B036-6F6AED8280FF}.Debug|Any CPU.ActiveCfg = Debug|Any CPU
		{275CF463-22F0-4523-B036-6F6AED8280FF}.Debug|Any CPU.Build.0 = Debug|Any CPU
		{275CF463-22F0-4523-B036-6F6AED8280FF}.Release|Any CPU.ActiveCfg = Release|Any CPU
		{275CF463-22F0-4523-B036-6F6AED8280FF}.Release|Any CPU.Build.0 = Release|Any CPU
	EndGlobalSection
	GlobalSection(SolutionProperties) = preSolution
		HideSolutionNode = FALSE
	EndGlobalSection
	GlobalSection(ExtensibilityGlobals) = postSolution
		SolutionGuid = {1E3B10D4-C189-4D9A-9469-66C89488AEBF}
	EndGlobalSection
EndGlobal
